
Microsoft Visual Studio Solution File, Format Version 12.00
# Visual Studio Version 16
VisualStudioVersion = 16.0.30413.136
MinimumVisualStudioVersion = 10.0.40219.1
Project("{FAE04EC0-301F-11D3-BF4B-00C04F79EFBC}") = "QuickStudyApp.Android", "QuickStudyApp\QuickStudyApp.Android\QuickStudyApp.Android.csproj", "{E7D9DC62-870C-4D54-9CDE-29FD714A0AA4}"
EndProject
Project("{FAE04EC0-301F-11D3-BF4B-00C04F79EFBC}") = "QuickStudyApp.iOS", "QuickStudyApp\QuickStudyApp.iOS\QuickStudyApp.iOS.csproj", "{BE7F0008-4ECC-4848-9562-0BDE236595DB}"
EndProject
Project("{9A19103F-16F7-4668-BE54-9A1E7A4F7556}") = "QuickStudyApp", "QuickStudyApp\QuickStudyApp\QuickStudyApp.csproj", "{477B7DE2-061C-477C-B730-4ACB5CE181CB}"
EndProject
Global
	GlobalSection(SolutionConfigurationPlatforms) = preSolution
		Debug|Any CPU = Debug|Any CPU
		Debug|iPhone = Debug|iPhone
		Debug|iPhoneSimulator = Debug|iPhoneSimulator
		Release|Any CPU = Release|Any CPU
		Release|iPhone = Release|iPhone
		Release|iPhoneSimulator = Release|iPhoneSimulator
	EndGlobalSection
	GlobalSection(ProjectConfigurationPlatforms) = postSolution
		{E7D9DC62-870C-4D54-9CDE-29FD714A0AA4}.Debug|Any CPU.ActiveCfg = Debug|Any CPU
		{E7D9DC62-870C-4D54-9CDE-29FD714A0AA4}.Debug|Any CPU.Build.0 = Debug|Any CPU
		{E7D9DC62-870C-4D54-9CDE-29FD714A0AA4}.Debug|Any CPU.Deploy.0 = Debug|Any CPU
		{E7D9DC62-870C-4D54-9CDE-29FD714A0AA4}.Debug|iPhone.ActiveCfg = Debug|Any CPU
		{E7D9DC62-870C-4D54-9CDE-29FD714A0AA4}.Debug|iPhone.Build.0 = Debug|Any CPU
		{E7D9DC62-870C-4D54-9CDE-29FD714A0AA4}.Debug|iPhone.Deploy.0 = Debug|Any CPU
		{E7D9DC62-870C-4D54-9CDE-29FD714A0AA4}.Debug|iPhoneSimulator.ActiveCfg = Debug|Any CPU
		{E7D9DC62-870C-4D54-9CDE-29FD714A0AA4}.Debug|iPhoneSimulator.Build.0 = Debug|Any CPU
		{E7D9DC62-870C-4D54-9CDE-29FD714A0AA4}.Debug|iPhoneSimulator.Deploy.0 = Debug|Any CPU
		{E7D9DC62-870C-4D54-9CDE-29FD714A0AA4}.Release|Any CPU.ActiveCfg = Release|Any CPU
		{E7D9DC62-870C-4D54-9CDE-29FD714A0AA4}.Release|Any CPU.Build.0 = Release|Any CPU
		{E7D9DC62-870C-4D54-9CDE-29FD714A0AA4}.Release|Any CPU.Deploy.0 = Release|Any CPU
		{E7D9DC62-870C-4D54-9CDE-29FD714A0AA4}.Release|iPhone.ActiveCfg = Release|Any CPU
		{E7D9DC62-870C-4D54-9CDE-29FD714A0AA4}.Release|iPhone.Build.0 = Release|Any CPU
		{E7D9DC62-870C-4D54-9CDE-29FD714A0AA4}.Release|iPhone.Deploy.0 = Release|Any CPU
		{E7D9DC62-870C-4D54-9CDE-29FD714A0AA4}.Release|iPhoneSimulator.ActiveCfg = Release|Any CPU
		{E7D9DC62-870C-4D54-9CDE-29FD714A0AA4}.Release|iPhoneSimulator.Build.0 = Release|Any CPU
		{E7D9DC62-870C-4D54-9CDE-29FD714A0AA4}.Release|iPhoneSimulator.Deploy.0 = Release|Any CPU
		{BE7F0008-4ECC-4848-9562-0BDE236595DB}.Debug|Any CPU.ActiveCfg = Debug|iPhone
		{BE7F0008-4ECC-4848-9562-0BDE236595DB}.Debug|Any CPU.Build.0 = Debug|iPhone
		{BE7F0008-4ECC-4848-9562-0BDE236595DB}.Debug|Any CPU.Deploy.0 = Debug|iPhone
		{BE7F0008-4ECC-4848-9562-0BDE236595DB}.Debug|iPhone.ActiveCfg = Debug|iPhone
		{BE7F0008-4ECC-4848-9562-0BDE236595DB}.Debug|iPhone.Build.0 = Debug|iPhone
		{BE7F0008-4ECC-4848-9562-0BDE236595DB}.Debug|iPhone.Deploy.0 = Debug|iPhone
		{BE7F0008-4ECC-4848-9562-0BDE236595DB}.Debug|iPhoneSimulator.ActiveCfg = Debug|iPhoneSimulator
		{BE7F0008-4ECC-4848-9562-0BDE236595DB}.Debug|iPhoneSimulator.Build.0 = Debug|iPhoneSimulator
		{BE7F0008-4ECC-4848-9562-0BDE236595DB}.Debug|iPhoneSimulator.Deploy.0 = Debug|iPhoneSimulator
		{BE7F0008-4ECC-4848-9562-0BDE236595DB}.Release|Any CPU.ActiveCfg = Release|iPhone
		{BE7F0008-4ECC-4848-9562-0BDE236595DB}.Release|Any CPU.Build.0 = Release|iPhone
		{BE7F0008-4ECC-4848-9562-0BDE236595DB}.Release|Any CPU.Deploy.0 = Release|iPhone
		{BE7F0008-4ECC-4848-9562-0BDE236595DB}.Release|iPhone.ActiveCfg = Release|iPhone
		{BE7F0008-4ECC-4848-9562-0BDE236595DB}.Release|iPhone.Build.0 = Release|iPhone
		{BE7F0008-4ECC-4848-9562-0BDE236595DB}.Release|iPhone.Deploy.0 = Release|iPhone
		{BE7F0008-4ECC-4848-9562-0BDE236595DB}.Release|iPhoneSimulator.ActiveCfg = Release|iPhoneSimulator
		{BE7F0008-4ECC-4848-9562-0BDE236595DB}.Release|iPhoneSimulator.Build.0 = Release|iPhoneSimulator
		{BE7F0008-4ECC-4848-9562-0BDE236595DB}.Release|iPhoneSimulator.Deploy.0 = Release|iPhoneSimulator
		{477B7DE2-061C-477C-B730-4ACB5CE181CB}.Debug|Any CPU.ActiveCfg = Debug|Any CPU
		{477B7DE2-061C-477C-B730-4ACB5CE181CB}.Debug|Any CPU.Build.0 = Debug|Any CPU
		{477B7DE2-061C-477C-B730-4ACB5CE181CB}.Debug|Any CPU.Deploy.0 = Debug|Any CPU
		{477B7DE2-061C-477C-B730-4ACB5CE181CB}.Debug|iPhone.ActiveCfg = Debug|Any CPU
		{477B7DE2-061C-477C-B730-4ACB5CE181CB}.Debug|iPhone.Build.0 = Debug|Any CPU
		{477B7DE2-061C-477C-B730-4ACB5CE181CB}.Debug|iPhone.Deploy.0 = Debug|Any CPU
		{477B7DE2-061C-477C-B730-4ACB5CE181CB}.Debug|iPhoneSimulator.ActiveCfg = Debug|Any CPU
		{477B7DE2-061C-477C-B730-4ACB5CE181CB}.Debug|iPhoneSimulator.Build.0 = Debug|Any CPU
		{477B7DE2-061C-477C-B730-4ACB5CE181CB}.Debug|iPhoneSimulator.Deploy.0 = Debug|Any CPU
		{477B7DE2-061C-477C-B730-4ACB5CE181CB}.Release|Any CPU.ActiveCfg = Release|Any CPU
		{477B7DE2-061C-477C-B730-4ACB5CE181CB}.Release|Any CPU.Build.0 = Release|Any CPU
		{477B7DE2-061C-477C-B730-4ACB5CE181CB}.Release|Any CPU.Deploy.0 = Release|Any CPU
		{477B7DE2-061C-477C-B730-4ACB5CE181CB}.Release|iPhone.ActiveCfg = Release|Any CPU
		{477B7DE2-061C-477C-B730-4ACB5CE181CB}.Release|iPhone.Build.0 = Release|Any CPU
		{477B7DE2-061C-477C-B730-4ACB5CE181CB}.Release|iPhone.Deploy.0 = Release|Any CPU
		{477B7DE2-061C-477C-B730-4ACB5CE181CB}.Release|iPhoneSimulator.ActiveCfg = Release|Any CPU
		{477B7DE2-061C-477C-B730-4ACB5CE181CB}.Release|iPhoneSimulator.Build.0 = Release|Any CPU
		{477B7DE2-061C-477C-B730-4ACB5CE181CB}.Release|iPhoneSimulator.Deploy.0 = Release|Any CPU
	EndGlobalSection
	GlobalSection(SolutionProperties) = preSolution
		HideSolutionNode = FALSE
	EndGlobalSection
	GlobalSection(ExtensibilityGlobals) = postSolution
		SolutionGuid = {93D24193-120C-45E8-A388-FBC6C0637D06}
	EndGlobalSection
EndGlobal
